
Microsoft Visual Studio Solution File, Format Version 12.00
# Visual Studio Version 16
VisualStudioVersion = 16.0.32413.511
MinimumVisualStudioVersion = 10.0.40219.1
Project("{2150E333-8FDC-42A3-9474-1A3956D46DE8}") = "Services", "Services", "{6C11DB57-5163-402A-B566-5167F9CCD883}"
EndProject
Project("{2150E333-8FDC-42A3-9474-1A3956D46DE8}") = "Catalog", "Catalog", "{77CF1164-FBF7-4363-85DF-D3A7D58E7C61}"
EndProject
Project("{FAE04EC0-301F-11D3-BF4B-00C04F79EFBC}") = "Catalog.Api", "Services\Catalog\Catalog.api\Catalog.Api\Catalog.Api.csproj", "{D0F00350-C47E-4647-9B09-AAF6C65BC5D3}"
EndProject
Global
	GlobalSection(SolutionConfigurationPlatforms) = preSolution
		Debug|Any CPU = Debug|Any CPU
		Release|Any CPU = Release|Any CPU
	EndGlobalSection
	GlobalSection(ProjectConfigurationPlatforms) = postSolution
		{D0F00350-C47E-4647-9B09-AAF6C65BC5D3}.Debug|Any CPU.ActiveCfg = Debug|Any CPU
		{D0F00350-C47E-4647-9B09-AAF6C65BC5D3}.Debug|Any CPU.Build.0 = Debug|Any CPU
		{D0F00350-C47E-4647-9B09-AAF6C65BC5D3}.Release|Any CPU.ActiveCfg = Release|Any CPU
		{D0F00350-C47E-4647-9B09-AAF6C65BC5D3}.Release|Any CPU.Build.0 = Release|Any CPU
	EndGlobalSection
	GlobalSection(SolutionProperties) = preSolution
		HideSolutionNode = FALSE
	EndGlobalSection
	GlobalSection(NestedProjects) = preSolution
		{77CF1164-FBF7-4363-85DF-D3A7D58E7C61} = {6C11DB57-5163-402A-B566-5167F9CCD883}
		{D0F00350-C47E-4647-9B09-AAF6C65BC5D3} = {77CF1164-FBF7-4363-85DF-D3A7D58E7C61}
	EndGlobalSection
	GlobalSection(ExtensibilityGlobals) = postSolution
		SolutionGuid = {9EB09593-9118-4A2A-8D5C-EBC50668E847}
	EndGlobalSection
EndGlobal
